{
  "name": "heroes-and-zeros",
  "version": "1.0.0",
  "lockfileVersion": 1,
  "requires": true,
  "dependencies": {
    "@material/animation": {
      "version": "0.25.0",
      "resolved": "https://registry.npmjs.org/@material/animation/-/animation-0.25.0.tgz",
      "integrity": "sha512-4RzlpMwJtMnQ3/rNf4zpG9qnoQcCkYiRs6U515MRQzv7qFl1eCZx3U3dGaUu7UVf3Hwx4RskUB/fBxGc0b61CQ=="
    },
    "@material/base": {
      "version": "0.29.0",
      "resolved": "https://registry.npmjs.org/@material/base/-/base-0.29.0.tgz",
      "integrity": "sha512-5jgaxI0x18JWb7orFPNm+on3Oe1o0RUgrh/xSpuJ4U4rEwMmC94rOMdacllaenmUuLq1DRPE7UeGOzfWfZf3bQ=="
    },
    "@material/button": {
      "version": "0.31.0",
      "resolved": "https://registry.npmjs.org/@material/button/-/button-0.31.0.tgz",
      "integrity": "sha512-i2zh/UidubnuZ43cj9R4Vj5OlvO2d9fhysGiInHpHMiVQVyU88e2eYGPAFl3npUsErZldLayBn3BegUSQ2JUjQ==",
      "requires": {
        "@material/elevation": "0.28.0",
        "@material/ripple": "0.31.0",
        "@material/theme": "0.30.0",
        "@material/typography": "0.28.0"
      }
    },
    "@material/elevation": {
      "version": "0.28.0",
      "resolved": "https://registry.npmjs.org/@material/elevation/-/elevation-0.28.0.tgz",
      "integrity": "sha512-U2utCuMDDhrJ8Cyisz16GAejN9h9xyS4jvVkt2uIOUyPZRjnaJyoAbpyf0mOzFxIdBuRpNGJYm2PoAwHsSA+xw==",
      "requires": {
        "@material/animation": "0.25.0",
        "@material/theme": "0.4.0"
      },
      "dependencies": {
        "@material/theme": {
          "version": "0.4.0",
          "resolved": "https://registry.npmjs.org/@material/theme/-/theme-0.4.0.tgz",
          "integrity": "sha1-Cu8aAnm2XBWZBYT7i47KCVxzRkE="
        }
      }
    },
    "@material/ripple": {
      "version": "0.31.0",
      "resolved": "https://registry.npmjs.org/@material/ripple/-/ripple-0.31.0.tgz",
      "integrity": "sha512-MPWE2PzT+1iCCF0baspU8JgHdTN3AVDbJujAx0/6cKDADgIoI8aRDFWGJt1Xtv1MdiOWkBt/wR3Jz+fpVFUe0A==",
      "requires": {
        "@material/base": "0.29.0",
        "@material/theme": "0.30.0"
      }
    },
    "@material/theme": {
      "version": "0.30.0",
      "resolved": "https://registry.npmjs.org/@material/theme/-/theme-0.30.0.tgz",
      "integrity": "sha512-jd1iC5qyq5YX4w8sZj9+lXExeK4adXbAjw/lOQuDeT6WSGJf7HovxQlHjlyWJ4p/x0xTGrlaDHnrCxeJQCq4Og=="
    },
    "@material/typography": {
      "version": "0.28.0",
      "resolved": "https://registry.npmjs.org/@material/typography/-/typography-0.28.0.tgz",
      "integrity": "sha512-Cz8XxO/bocChQAM87xTAN9CM31Q04FgW0N4lSQWyha2PAK/LdtfjjWFPZWNZKyQbZJBNjINbE3/PqMnWDTd4cQ=="
    }
  }
}
